// !$*UTF8*$!
{
	archiveVersion = 1;
	classes = {
	};
	objectVersion = 56;
	objects = {

/* Begin PBXBuildFile section */
		EFC1766429EA930F007A512C /* ComicApp.swift in Sources */ = {isa = PBXBuildFile; fileRef = EFC1766329EA930F007A512C /* ComicApp.swift */; };
		EFC1766629EA930F007A512C /* ContentView.swift in Sources */ = {isa = PBXBuildFile; fileRef = EFC1766529EA930F007A512C /* ContentView.swift */; };
		EFC1766829EA9311007A512C /* Assets.xcassets in Resources */ = {isa = PBXBuildFile; fileRef = EFC1766729EA9311007A512C /* Assets.xcassets */; };
		EFC1766B29EA9311007A512C /* Preview Assets.xcassets in Resources */ = {isa = PBXBuildFile; fileRef = EFC1766A29EA9311007A512C /* Preview Assets.xcassets */; };
		EFC1767529EA9379007A512C /* BrowseView.swift in Sources */ = {isa = PBXBuildFile; fileRef = EFC1767429EA9379007A512C /* BrowseView.swift */; };
		EFC1767729EA938E007A512C /* DetailView.swift in Sources */ = {isa = PBXBuildFile; fileRef = EFC1767629EA938E007A512C /* DetailView.swift */; };
		EFC1767929EA93A6007A512C /* FavoriteView.swift in Sources */ = {isa = PBXBuildFile; fileRef = EFC1767829EA93A6007A512C /* FavoriteView.swift */; };
		EFC1767B29EA9A6A007A512C /* Comic.swift in Sources */ = {isa = PBXBuildFile; fileRef = EFC1767A29EA9A6A007A512C /* Comic.swift */; };
		EFC1767D29EA9E0E007A512C /* ComicViewModel.swift in Sources */ = {isa = PBXBuildFile; fileRef = EFC1767C29EA9E0E007A512C /* ComicViewModel.swift */; };
		EFC1768029EAB691007A512C /* SwiftSoup in Frameworks */ = {isa = PBXBuildFile; productRef = EFC1767F29EAB691007A512C /* SwiftSoup */; };
/* End PBXBuildFile section */

/* Begin PBXFileReference section */
		EFC1766029EA930F007A512C /* Comic.app */ = {isa = PBXFileReference; explicitFileType = wrapper.application; includeInIndex = 0; path = Comic.app; sourceTree = BUILT_PRODUCTS_DIR; };
		EFC1766329EA930F007A512C /* ComicApp.swift */ = {isa = PBXFileReference; lastKnownFileType = sourcecode.swift; path = ComicApp.swift; sourceTree = "<group>"; };
		EFC1766529EA930F007A512C /* ContentView.swift */ = {isa = PBXFileReference; lastKnownFileType = sourcecode.swift; path = ContentView.swift; sourceTree = "<group>"; };
		EFC1766729EA9311007A512C /* Assets.xcassets */ = {isa = PBXFileReference; lastKnownFileType = folder.assetcatalog; path = Assets.xcassets; sourceTree = "<group>"; };
		EFC1766A29EA9311007A512C /* Preview Assets.xcassets */ = {isa = PBXFileReference; lastKnownFileType = folder.assetcatalog; path = "Preview Assets.xcassets"; sourceTree = "<group>"; };
		EFC1767429EA9379007A512C /* BrowseView.swift */ = {isa = PBXFileReference; lastKnownFileType = sourcecode.swift; path = BrowseView.swift; sourceTree = "<group>"; };
		EFC1767629EA938E007A512C /* DetailView.swift */ = {isa = PBXFileReference; lastKnownFileType = sourcecode.swift; path = DetailView.swift; sourceTree = "<group>"; };
		EFC1767829EA93A6007A512C /* FavoriteView.swift */ = {isa = PBXFileReference; lastKnownFileType = sourcecode.swift; path = FavoriteView.swift; sourceTree = "<group>"; };
		EFC1767A29EA9A6A007A512C /* Comic.swift */ = {isa = PBXFileReference; lastKnownFileType = sourcecode.swift; path = Comic.swift; sourceTree = "<group>"; };
		EFC1767C29EA9E0E007A512C /* ComicViewModel.swift */ = {isa = PBXFileReference; lastKnownFileType = sourcecode.swift; path = ComicViewModel.swift; sourceTree = "<group>"; };
/* End PBXFileReference section */

/* Begin PBXFrameworksBuildPhase section */
		EFC1765D29EA930F007A512C /* Frameworks */ = {
			isa = PBXFrameworksBuildPhase;
			buildActionMask = 2147483647;
			files = (
				EFC1768029EAB691007A512C /* SwiftSoup in Frameworks */,
			);
			runOnlyForDeploymentPostprocessing = 0;
		};
/* End PBXFrameworksBuildPhase section */

/* Begin PBXGroup section */
		EFC1765729EA930F007A512C = {
			isa = PBXGroup;
			children = (
				EFC1766229EA930F007A512C /* Comic */,
				EFC1766129EA930F007A512C /* Products */,
			);
			sourceTree = "<group>";
		};
		EFC1766129EA930F007A512C /* Products */ = {
			isa = PBXGroup;
			children = (
				EFC1766029EA930F007A512C /* Comic.app */,
			);
			name = Products;
			sourceTree = "<group>";
		};
		EFC1766229EA930F007A512C /* Comic */ = {
			isa = PBXGroup;
			children = (
				EFC1766329EA930F007A512C /* ComicApp.swift */,
				EFC1766529EA930F007A512C /* ContentView.swift */,
				EFC1767129EA932F007A512C /* Model */,
				EFC1767229EA9336007A512C /* Views */,
				EFC1767329EA9347007A512C /* ViewModel */,
				EFC1766729EA9311007A512C /* Assets.xcassets */,
				EFC1766929EA9311007A512C /* Preview Content */,
			);
			path = Comic;
			sourceTree = "<group>";
		};
		EFC1766929EA9311007A512C /* Preview Content */ = {
			isa = PBXGroup;
			children = (
				EFC1766A29EA9311007A512C /* Preview Assets.xcassets */,
			);
			path = "Preview Content";
			sourceTree = "<group>";
		};
		EFC1767129EA932F007A512C /* Model */ = {
			isa = PBXGroup;
			children = (
				EFC1767A29EA9A6A007A512C /* Comic.swift */,
			);
			path = Model;
			sourceTree = "<group>";
		};
		EFC1767229EA9336007A512C /* Views */ = {
			isa = PBXGroup;
			children = (
				EFC1767429EA9379007A512C /* BrowseView.swift */,
				EFC1767629EA938E007A512C /* DetailView.swift */,
				EFC1767829EA93A6007A512C /* FavoriteView.swift */,
			);
			path = Views;
			sourceTree = "<group>";
		};
		EFC1767329EA9347007A512C /* ViewModel */ = {
			isa = PBXGroup;
			children = (
				EFC1767C29EA9E0E007A512C /* ComicViewModel.swift */,
			);
			path = ViewModel;
			sourceTree = "<group>";
		};
/* End PBXGroup section */

/* Begin PBXNativeTarget section */
		EFC1765F29EA930F007A512C /* Comic */ = {
			isa = PBXNativeTarget;
			buildConfigurationList = EFC1766E29EA9311007A512C /* Build configuration list for PBXNativeTarget "Comic" */;
			buildPhases = (
				EFC1765C29EA930F007A512C /* Sources */,
				EFC1765D29EA930F007A512C /* Frameworks */,
				EFC1765E29EA930F007A512C /* Resources */,
			);
			buildRules = (
			);
			dependencies = (
			);
			name = Comic;
			packageProductDependencies = (
				EFC1767F29EAB691007A512C /* SwiftSoup */,
			);
			productName = Comic;
			productReference = EFC1766029EA930F007A512C /* Comic.app */;
			productType = "com.apple.product-type.application";
		};
/* End PBXNativeTarget section */

/* Begin PBXProject section */
		EFC1765829EA930F007A512C /* Project object */ = {
			isa = PBXProject;
			attributes = {
				BuildIndependentTargetsInParallel = 1;
				LastSwiftUpdateCheck = 1430;
				LastUpgradeCheck = 1430;
				TargetAttributes = {
					EFC1765F29EA930F007A512C = {
						CreatedOnToolsVersion = 14.3;
					};
				};
			};
			buildConfigurationList = EFC1765B29EA930F007A512C /* Build configuration list for PBXProject "Comic" */;
			compatibilityVersion = "Xcode 14.0";
			developmentRegion = en;
			hasScannedForEncodings = 0;
			knownRegions = (
				en,
				Base,
			);
			mainGroup = EFC1765729EA930F007A512C;
			packageReferences = (
				EFC1767E29EAB691007A512C /* XCRemoteSwiftPackageReference "SwiftSoup" */,
			);
			productRefGroup = EFC1766129EA930F007A512C /* Products */;
			projectDirPath = "";
			projectRoot = "";
			targets = (
				EFC1765F29EA930F007A512C /* Comic */,
			);
		};
/* End PBXProject section */

/* Begin PBXResourcesBuildPhase section */
		EFC1765E29EA930F007A512C /* Resources */ = {
			isa = PBXResourcesBuildPhase;
			buildActionMask = 2147483647;
			files = (
				EFC1766B29EA9311007A512C /* Preview Assets.xcassets in Resources */,
				EFC1766829EA9311007A512C /* Assets.xcassets in Resources */,
			);
			runOnlyForDeploymentPostprocessing = 0;
		};
/* End PBXResourcesBuildPhase section */

/* Begin PBXSourcesBuildPhase section */
		EFC1765C29EA930F007A512C /* Sources */ = {
			isa = PBXSourcesBuildPhase;
			buildActionMask = 2147483647;
			files = (
				EFC1766629EA930F007A512C /* ContentView.swift in Sources */,
				EFC1767B29EA9A6A007A512C /* Comic.swift in Sources */,
				EFC1767729EA938E007A512C /* DetailView.swift in Sources */,
				EFC1767529EA9379007A512C /* BrowseView.swift in Sources */,
				EFC1767929EA93A6007A512C /* FavoriteView.swift in Sources */,
				EFC1767D29EA9E0E007A512C /* ComicViewModel.swift in Sources */,
				EFC1766429EA930F007A512C /* ComicApp.swift in Sources */,
			);
			runOnlyForDeploymentPostprocessing = 0;
		};
/* End PBXSourcesBuildPhase section */

/* Begin XCBuildConfiguration section */
		EFC1766C29EA9311007A512C /* Debug */ = {
			isa = XCBuildConfiguration;
			buildSettings = {
				ALWAYS_SEARCH_USER_PATHS = NO;
				CLANG_ANALYZER_NONNULL = YES;
				CLANG_ANALYZER_NUMBER_OBJECT_CONVERSION = YES_AGGRESSIVE;
				CLANG_CXX_LANGUAGE_STANDARD = "gnu++20";
				CLANG_ENABLE_MODULES = YES;
				CLANG_ENABLE_OBJC_ARC = YES;
				CLANG_ENABLE_OBJC_WEAK = YES;
				CLANG_WARN_BLOCK_CAPTURE_AUTORELEASING = YES;
				CLANG_WARN_BOOL_CONVERSION = YES;
				CLANG_WARN_COMMA = YES;
				CLANG_WARN_CONSTANT_CONVERSION = YES;
				CLANG_WARN_DEPRECATED_OBJC_IMPLEMENTATIONS = YES;
				CLANG_WARN_DIRECT_OBJC_ISA_USAGE = YES_ERROR;
				CLANG_WARN_DOCUMENTATION_COMMENTS = YES;
				CLANG_WARN_EMPTY_BODY = YES;
				CLANG_WARN_ENUM_CONVERSION = YES;
				CLANG_WARN_INFINITE_RECURSION = YES;
				CLANG_WARN_INT_CONVERSION = YES;
				CLANG_WARN_NON_LITERAL_NULL_CONVERSION = YES;
				CLANG_WARN_OBJC_IMPLICIT_RETAIN_SELF = YES;
				CLANG_WARN_OBJC_LITERAL_CONVERSION = YES;
				CLANG_WARN_OBJC_ROOT_CLASS = YES_ERROR;
				CLANG_WARN_QUOTED_INCLUDE_IN_FRAMEWORK_HEADER = YES;
				CLANG_WARN_RANGE_LOOP_ANALYSIS = YES;
				CLANG_WARN_STRICT_PROTOTYPES = YES;
				CLANG_WARN_SUSPICIOUS_MOVE = YES;
				CLANG_WARN_UNGUARDED_AVAILABILITY = YES_AGGRESSIVE;
				CLANG_WARN_UNREACHABLE_CODE = YES;
				CLANG_WARN__DUPLICATE_METHOD_MATCH = YES;
				COPY_PHASE_STRIP = NO;
				DEBUG_INFORMATION_FORMAT = dwarf;
				ENABLE_STRICT_OBJC_MSGSEND = YES;
				ENABLE_TESTABILITY = YES;
				GCC_C_LANGUAGE_STANDARD = gnu11;
				GCC_DYNAMIC_NO_PIC = NO;
				GCC_NO_COMMON_BLOCKS = YES;
				GCC_OPTIMIZATION_LEVEL = 0;
				GCC_PREPROCESSOR_DEFINITIONS = (
					"DEBUG=1",
					"$(inherited)",
				);
				GCC_WARN_64_TO_32_BIT_CONVERSION = YES;
				GCC_WARN_ABOUT_RETURN_TYPE = YES_ERROR;
				GCC_WARN_UNDECLARED_SELECTOR = YES;
				GCC_WARN_UNINITIALIZED_AUTOS = YES_AGGRESSIVE;
				GCC_WARN_UNUSED_FUNCTION = YES;
				GCC_WARN_UNUSED_VARIABLE = YES;
				IPHONEOS_DEPLOYMENT_TARGET = 16.4;
				MTL_ENABLE_DEBUG_INFO = INCLUDE_SOURCE;
				MTL_FAST_MATH = YES;
				ONLY_ACTIVE_ARCH = YES;
				SDKROOT = iphoneos;
				SWIFT_ACTIVE_COMPILATION_CONDITIONS = DEBUG;
				SWIFT_OPTIMIZATION_LEVEL = "-Onone";
			};
			name = Debug;
		};
		EFC1766D29EA9311007A512C /* Release */ = {
			isa = XCBuildConfiguration;
			buildSettings = {
				ALWAYS_SEARCH_USER_PATHS = NO;
				CLANG_ANALYZER_NONNULL = YES;
				CLANG_ANALYZER_NUMBER_OBJECT_CONVERSION = YES_AGGRESSIVE;
				CLANG_CXX_LANGUAGE_STANDARD = "gnu++20";
				CLANG_ENABLE_MODULES = YES;
				CLANG_ENABLE_OBJC_ARC = YES;
				CLANG_ENABLE_OBJC_WEAK = YES;
				CLANG_WARN_BLOCK_CAPTURE_AUTORELEASING = YES;
				CLANG_WARN_BOOL_CONVERSION = YES;
				CLANG_WARN_COMMA = YES;
				CLANG_WARN_CONSTANT_CONVERSION = YES;
				CLANG_WARN_DEPRECATED_OBJC_IMPLEMENTATIONS = YES;
				CLANG_WARN_DIRECT_OBJC_ISA_USAGE = YES_ERROR;
				CLANG_WARN_DOCUMENTATION_COMMENTS = YES;
				CLANG_WARN_EMPTY_BODY = YES;
				CLANG_WARN_ENUM_CONVERSION = YES;
				CLANG_WARN_INFINITE_RECURSION = YES;
				CLANG_WARN_INT_CONVERSION = YES;
				CLANG_WARN_NON_LITERAL_NULL_CONVERSION = YES;
				CLANG_WARN_OBJC_IMPLICIT_RETAIN_SELF = YES;
				CLANG_WARN_OBJC_LITERAL_CONVERSION = YES;
				CLANG_WARN_OBJC_ROOT_CLASS = YES_ERROR;
				CLANG_WARN_QUOTED_INCLUDE_IN_FRAMEWORK_HEADER = YES;
				CLANG_WARN_RANGE_LOOP_ANALYSIS = YES;
				CLANG_WARN_STRICT_PROTOTYPES = YES;
				CLANG_WARN_SUSPICIOUS_MOVE = YES;
				CLANG_WARN_UNGUARDED_AVAILABILITY = YES_AGGRESSIVE;
				CLANG_WARN_UNREACHABLE_CODE = YES;
				CLANG_WARN__DUPLICATE_METHOD_MATCH = YES;
				COPY_PHASE_STRIP = NO;
				DEBUG_INFORMATION_FORMAT = "dwarf-with-dsym";
				ENABLE_NS_ASSERTIONS = NO;
				ENABLE_STRICT_OBJC_MSGSEND = YES;
				GCC_C_LANGUAGE_STANDARD = gnu11;
				GCC_NO_COMMON_BLOCKS = YES;
				GCC_WARN_64_TO_32_BIT_CONVERSION = YES;
				GCC_WARN_ABOUT_RETURN_TYPE = YES_ERROR;
				GCC_WARN_UNDECLARED_SELECTOR = YES;
				GCC_WARN_UNINITIALIZED_AUTOS = YES_AGGRESSIVE;
				GCC_WARN_UNUSED_FUNCTION = YES;
				GCC_WARN_UNUSED_VARIABLE = YES;
				IPHONEOS_DEPLOYMENT_TARGET = 16.4;
				MTL_ENABLE_DEBUG_INFO = NO;
				MTL_FAST_MATH = YES;
				SDKROOT = iphoneos;
				SWIFT_COMPILATION_MODE = wholemodule;
				SWIFT_OPTIMIZATION_LEVEL = "-O";
				VALIDATE_PRODUCT = YES;
			};
			name = Release;
		};
		EFC1766F29EA9311007A512C /* Debug */ = {
			isa = XCBuildConfiguration;
			buildSettings = {
				ASSETCATALOG_COMPILER_APPICON_NAME = AppIcon;
				ASSETCATALOG_COMPILER_GLOBAL_ACCENT_COLOR_NAME = AccentColor;
				CODE_SIGN_STYLE = Automatic;
				CURRENT_PROJECT_VERSION = 1;
				DEVELOPMENT_ASSET_PATHS = "\"Comic/Preview Content\"";
				ENABLE_PREVIEWS = YES;
				GENERATE_INFOPLIST_FILE = YES;
				INFOPLIST_KEY_UIApplicationSceneManifest_Generation = YES;
				INFOPLIST_KEY_UIApplicationSupportsIndirectInputEvents = YES;
				INFOPLIST_KEY_UILaunchScreen_Generation = YES;
				INFOPLIST_KEY_UISupportedInterfaceOrientations_iPad = "UIInterfaceOrientationPortrait UIInterfaceOrientationPortraitUpsideDown UIInterfaceOrientationLandscapeLeft UIInterfaceOrientationLandscapeRight";
				INFOPLIST_KEY_UISupportedInterfaceOrientations_iPhone = "UIInterfaceOrientationPortrait UIInterfaceOrientationLandscapeLeft UIInterfaceOrientationLandscapeRight";
				LD_RUNPATH_SEARCH_PATHS = (
					"$(inherited)",
					"@executable_path/Frameworks",
				);
				MARKETING_VERSION = 1.0;
				PRODUCT_BUNDLE_IDENTIFIER = com.baker.Comic;
				PRODUCT_NAME = "$(TARGET_NAME)";
				SWIFT_EMIT_LOC_STRINGS = YES;
				SWIFT_VERSION = 5.0;
				TARGETED_DEVICE_FAMILY = "1,2";
			};
			name = Debug;
		};
		EFC1767029EA9311007A512C /* Release */ = {
			isa = XCBuildConfiguration;
			buildSettings = {
				ASSETCATALOG_COMPILER_APPICON_NAME = AppIcon;
				ASSETCATALOG_COMPILER_GLOBAL_ACCENT_COLOR_NAME = AccentColor;
				CODE_SIGN_STYLE = Automatic;
				CURRENT_PROJECT_VERSION = 1;
				DEVELOPMENT_ASSET_PATHS = "\"Comic/Preview Content\"";
				ENABLE_PREVIEWS = YES;
				GENERATE_INFOPLIST_FILE = YES;
				INFOPLIST_KEY_UIApplicationSceneManifest_Generation = YES;
				INFOPLIST_KEY_UIApplicationSupportsIndirectInputEvents = YES;
				INFOPLIST_KEY_UILaunchScreen_Generation = YES;
				INFOPLIST_KEY_UISupportedInterfaceOrientations_iPad = "UIInterfaceOrientationPortrait UIInterfaceOrientationPortraitUpsideDown UIInterfaceOrientationLandscapeLeft UIInterfaceOrientationLandscapeRight";
				INFOPLIST_KEY_UISupportedInterfaceOrientations_iPhone = "UIInterfaceOrientationPortrait UIInterfaceOrientationLandscapeLeft UIInterfaceOrientationLandscapeRight";
				LD_RUNPATH_SEARCH_PATHS = (
					"$(inherited)",
					"@executable_path/Frameworks",
				);
				MARKETING_VERSION = 1.0;
				PRODUCT_BUNDLE_IDENTIFIER = com.baker.Comic;
				PRODUCT_NAME = "$(TARGET_NAME)";
				SWIFT_EMIT_LOC_STRINGS = YES;
				SWIFT_VERSION = 5.0;
				TARGETED_DEVICE_FAMILY = "1,2";
			};
			name = Release;
		};
/* End XCBuildConfiguration section */

/* Begin XCConfigurationList section */
		EFC1765B29EA930F007A512C /* Build configuration list for PBXProject "Comic" */ = {
			isa = XCConfigurationList;
			buildConfigurations = (
				EFC1766C29EA9311007A512C /* Debug */,
				EFC1766D29EA9311007A512C /* Release */,
			);
			defaultConfigurationIsVisible = 0;
			defaultConfigurationName = Release;
		};
		EFC1766E29EA9311007A512C /* Build configuration list for PBXNativeTarget "Comic" */ = {
			isa = XCConfigurationList;
			buildConfigurations = (
				EFC1766F29EA9311007A512C /* Debug */,
				EFC1767029EA9311007A512C /* Release */,
			);
			defaultConfigurationIsVisible = 0;
			defaultConfigurationName = Release;
		};
/* End XCConfigurationList section */

/* Begin XCRemoteSwiftPackageReference section */
		EFC1767E29EAB691007A512C /* XCRemoteSwiftPackageReference "SwiftSoup" */ = {
			isa = XCRemoteSwiftPackageReference;
			repositoryURL = "https://github.com/scinfu/SwiftSoup";
			requirement = {
				kind = upToNextMajorVersion;
				minimumVersion = 2.0.0;
			};
		};
/* End XCRemoteSwiftPackageReference section */

/* Begin XCSwiftPackageProductDependency section */
		EFC1767F29EAB691007A512C /* SwiftSoup */ = {
			isa = XCSwiftPackageProductDependency;
			package = EFC1767E29EAB691007A512C /* XCRemoteSwiftPackageReference "SwiftSoup" */;
			productName = SwiftSoup;
		};
/* End XCSwiftPackageProductDependency section */
	};
	rootObject = EFC1765829EA930F007A512C /* Project object */;
}
